
Microsoft Visual Studio Solution File, Format Version 12.00
# Visual Studio Version 16
VisualStudioVersion = 16.0.30225.117
MinimumVisualStudioVersion = 10.0.40219.1
Project("{FAE04EC0-301F-11D3-BF4B-00C04F79EFBC}") = "OAuthMvcApp", "MvcApp\OAuthMvcApp.csproj", "{ED7FB6EE-BA80-4FE4-A5F4-5A2109DD377B}"
EndProject
Global
	GlobalSection(SolutionConfigurationPlatforms) = preSolution
		Debug|Any CPU = Debug|Any CPU
		Release|Any CPU = Release|Any CPU
	EndGlobalSection
	GlobalSection(ProjectConfigurationPlatforms) = postSolution
		{ED7FB6EE-BA80-4FE4-A5F4-5A2109DD377B}.Debug|Any CPU.ActiveCfg = Debug|Any CPU
		{ED7FB6EE-BA80-4FE4-A5F4-5A2109DD377B}.Debug|Any CPU.Build.0 = Debug|Any CPU
		{ED7FB6EE-BA80-4FE4-A5F4-5A2109DD377B}.Release|Any CPU.ActiveCfg = Release|Any CPU
		{ED7FB6EE-BA80-4FE4-A5F4-5A2109DD377B}.Release|Any CPU.Build.0 = Release|Any CPU
	EndGlobalSection
	GlobalSection(SolutionProperties) = preSolution
		HideSolutionNode = FALSE
	EndGlobalSection
	GlobalSection(ExtensibilityGlobals) = postSolution
		SolutionGuid = {CBF1DB06-DDAD-4593-B275-7E51D93011F5}
	EndGlobalSection
EndGlobal
